// !$*UTF8*$!
{
	archiveVersion = 1;
	classes = {
	};
	objectVersion = 46;
	objects = {

/* Begin PBXBuildFile section */
		18729FBE1AE2AE9800DB4E73 /* DetailViewController.m in Sources */ = {isa = PBXBuildFile; fileRef = 18729FBD1AE2AE9800DB4E73 /* DetailViewController.m */; };
		18729FC31AE2BD9A00DB4E73 /* camera-snap.png in Resources */ = {isa = PBXBuildFile; fileRef = 18729FC21AE2BD9A00DB4E73 /* camera-snap.png */; };
		18729FC61AE2FAAB00DB4E73 /* TakeViewController.m in Sources */ = {isa = PBXBuildFile; fileRef = 18729FC51AE2FAAB00DB4E73 /* TakeViewController.m */; };
		18F8A84D1AE0BBC300B37EE5 /* main.m in Sources */ = {isa = PBXBuildFile; fileRef = 18F8A84C1AE0BBC300B37EE5 /* main.m */; };
		18F8A8501AE0BBC300B37EE5 /* AppDelegate.m in Sources */ = {isa = PBXBuildFile; fileRef = 18F8A84F1AE0BBC300B37EE5 /* AppDelegate.m */; };
		18F8A8581AE0BBC400B37EE5 /* Images.xcassets in Resources */ = {isa = PBXBuildFile; fileRef = 18F8A8571AE0BBC400B37EE5 /* Images.xcassets */; };
		18F8A8671AE0BBC400B37EE5 /* SnapltTests.m in Sources */ = {isa = PBXBuildFile; fileRef = 18F8A8661AE0BBC400B37EE5 /* SnapltTests.m */; };
		18F8A8721AE0BBF100B37EE5 /* HomeViewController.m in Sources */ = {isa = PBXBuildFile; fileRef = 18F8A8711AE0BBF100B37EE5 /* HomeViewController.m */; };
		18F8A8751AE0BC7800B37EE5 /* screen-welcome.jpg in Resources */ = {isa = PBXBuildFile; fileRef = 18F8A8741AE0BC7800B37EE5 /* screen-welcome.jpg */; };
		18F8A8761AE0BC7800B37EE5 /* screen-welcome.jpg in Resources */ = {isa = PBXBuildFile; fileRef = 18F8A8741AE0BC7800B37EE5 /* screen-welcome.jpg */; };
		18F8A8781AE14D8C00B37EE5 /* AssetsLibrary.framework in Frameworks */ = {isa = PBXBuildFile; fileRef = 18F8A8771AE14D8C00B37EE5 /* AssetsLibrary.framework */; };
		18F8A87A1AE14D9D00B37EE5 /* CoreGraphics.framework in Frameworks */ = {isa = PBXBuildFile; fileRef = 18F8A8791AE14D9D00B37EE5 /* CoreGraphics.framework */; };
		18F8A87C1AE14DA600B37EE5 /* Foundation.framework in Frameworks */ = {isa = PBXBuildFile; fileRef = 18F8A87B1AE14DA600B37EE5 /* Foundation.framework */; };
		18F8A87E1AE14DB900B37EE5 /* MobileCoreServices.framework in Frameworks */ = {isa = PBXBuildFile; fileRef = 18F8A87D1AE14DB900B37EE5 /* MobileCoreServices.framework */; };
		18F8A8801AE14DCA00B37EE5 /* UIKit.framework in Frameworks */ = {isa = PBXBuildFile; fileRef = 18F8A87F1AE14DCA00B37EE5 /* UIKit.framework */; };
		18F8A8851AE1607D00B37EE5 /* 01.jpg in Resources */ = {isa = PBXBuildFile; fileRef = 18F8A8811AE1607D00B37EE5 /* 01.jpg */; };
		18F8A8861AE1607D00B37EE5 /* 01.jpg in Resources */ = {isa = PBXBuildFile; fileRef = 18F8A8811AE1607D00B37EE5 /* 01.jpg */; };
		18F8A8871AE1607D00B37EE5 /* 02.jpg in Resources */ = {isa = PBXBuildFile; fileRef = 18F8A8821AE1607D00B37EE5 /* 02.jpg */; };
		18F8A8881AE1607D00B37EE5 /* 02.jpg in Resources */ = {isa = PBXBuildFile; fileRef = 18F8A8821AE1607D00B37EE5 /* 02.jpg */; };
		18F8A8891AE1607D00B37EE5 /* 03.jpg in Resources */ = {isa = PBXBuildFile; fileRef = 18F8A8831AE1607D00B37EE5 /* 03.jpg */; };
		18F8A88A1AE1607D00B37EE5 /* 03.jpg in Resources */ = {isa = PBXBuildFile; fileRef = 18F8A8831AE1607D00B37EE5 /* 03.jpg */; };
		18F8A88B1AE1607D00B37EE5 /* 04.jpg in Resources */ = {isa = PBXBuildFile; fileRef = 18F8A8841AE1607D00B37EE5 /* 04.jpg */; };
		18F8A88C1AE1607D00B37EE5 /* 04.jpg in Resources */ = {isa = PBXBuildFile; fileRef = 18F8A8841AE1607D00B37EE5 /* 04.jpg */; };
		258A02A4460ACA9690C2506E /* libPods.a in Frameworks */ = {isa = PBXBuildFile; fileRef = FFD9D4B7BEE6C22911DBB838 /* libPods.a */; };
		490C2E2F1AF18AE700060397 /* camera-icon.png in Resources */ = {isa = PBXBuildFile; fileRef = 490C2E2E1AF18AE700060397 /* camera-icon.png */; };
		490C2E361AF18B0B00060397 /* aperture-50px.png in Resources */ = {isa = PBXBuildFile; fileRef = 490C2E301AF18B0B00060397 /* aperture-50px.png */; };
		490C2E371AF18B0B00060397 /* exposure-bias-50px.png in Resources */ = {isa = PBXBuildFile; fileRef = 490C2E311AF18B0B00060397 /* exposure-bias-50px.png */; };
		490C2E381AF18B0B00060397 /* focal-lens.png in Resources */ = {isa = PBXBuildFile; fileRef = 490C2E321AF18B0B00060397 /* focal-lens.png */; };
		490C2E391AF18B0B00060397 /* iso-speed-50px.png in Resources */ = {isa = PBXBuildFile; fileRef = 490C2E331AF18B0B00060397 /* iso-speed-50px.png */; };
		490C2E3A1AF18B0B00060397 /* shutter-speed-50px.png in Resources */ = {isa = PBXBuildFile; fileRef = 490C2E341AF18B0B00060397 /* shutter-speed-50px.png */; };
		490C2E3B1AF18B0B00060397 /* white-balance.png in Resources */ = {isa = PBXBuildFile; fileRef = 490C2E351AF18B0B00060397 /* white-balance.png */; };
		491180721AEC2E4100A686A5 /* 05.jpg in Resources */ = {isa = PBXBuildFile; fileRef = 4911806E1AEC2E4100A686A5 /* 05.jpg */; };
		491180731AEC2E4100A686A5 /* 06.jpg in Resources */ = {isa = PBXBuildFile; fileRef = 4911806F1AEC2E4100A686A5 /* 06.jpg */; };
		491180741AEC2E4100A686A5 /* 07.jpg in Resources */ = {isa = PBXBuildFile; fileRef = 491180701AEC2E4100A686A5 /* 07.jpg */; };
		491180751AEC2E4100A686A5 /* 08.jpg in Resources */ = {isa = PBXBuildFile; fileRef = 491180711AEC2E4100A686A5 /* 08.jpg */; };
		491762F91AF81CD700B22574 /* PhotoInspirationStore.m in Sources */ = {isa = PBXBuildFile; fileRef = 491762F81AF81CD700B22574 /* PhotoInspirationStore.m */; };
		4919C6481AE864C500F0FF7B /* 01.jpg in Resources */ = {isa = PBXBuildFile; fileRef = 4919C6471AE864C500F0FF7B /* 01.jpg */; };
		492D07FC1AF6DC31008AB91F /* StatisticsViewController.m in Sources */ = {isa = PBXBuildFile; fileRef = 492D07FB1AF6DC31008AB91F /* StatisticsViewController.m */; };
		49477B451AF7035600DE637A /* screen-stats.jpg in Resources */ = {isa = PBXBuildFile; fileRef = 49477B441AF7035600DE637A /* screen-stats.jpg */; };
		49477B471AF7035F00DE637A /* screen_bg.png in Resources */ = {isa = PBXBuildFile; fileRef = 49477B461AF7035F00DE637A /* screen_bg.png */; };
/* End PBXBuildFile section */

/* Begin PBXContainerItemProxy section */
		18F8A8611AE0BBC400B37EE5 /* PBXContainerItemProxy */ = {
			isa = PBXContainerItemProxy;
			containerPortal = 18F8A83F1AE0BBC300B37EE5 /* Project object */;
			proxyType = 1;
			remoteGlobalIDString = 18F8A8461AE0BBC300B37EE5;
			remoteInfo = Snaplt;
		};
/* End PBXContainerItemProxy section */

/* Begin PBXFileReference section */
		18729FBC1AE2AE9800DB4E73 /* DetailViewController.h */ = {isa = PBXFileReference; fileEncoding = 4; lastKnownFileType = sourcecode.c.h; path = DetailViewController.h; sourceTree = "<group>"; };
		18729FBD1AE2AE9800DB4E73 /* DetailViewController.m */ = {isa = PBXFileReference; fileEncoding = 4; lastKnownFileType = sourcecode.c.objc; path = DetailViewController.m; sourceTree = "<group>"; };
		18729FC21AE2BD9A00DB4E73 /* camera-snap.png */ = {isa = PBXFileReference; lastKnownFileType = image.png; path = "camera-snap.png"; sourceTree = "<group>"; };
		18729FC41AE2FAAB00DB4E73 /* TakeViewController.h */ = {isa = PBXFileReference; fileEncoding = 4; lastKnownFileType = sourcecode.c.h; path = TakeViewController.h; sourceTree = "<group>"; };
		18729FC51AE2FAAB00DB4E73 /* TakeViewController.m */ = {isa = PBXFileReference; fileEncoding = 4; lastKnownFileType = sourcecode.c.objc; path = TakeViewController.m; sourceTree = "<group>"; };
		18F8A8471AE0BBC300B37EE5 /* Snaplt.app */ = {isa = PBXFileReference; explicitFileType = wrapper.application; includeInIndex = 0; path = Snaplt.app; sourceTree = BUILT_PRODUCTS_DIR; };
		18F8A84B1AE0BBC300B37EE5 /* Info.plist */ = {isa = PBXFileReference; lastKnownFileType = text.plist.xml; path = Info.plist; sourceTree = "<group>"; };
		18F8A84C1AE0BBC300B37EE5 /* main.m */ = {isa = PBXFileReference; lastKnownFileType = sourcecode.c.objc; path = main.m; sourceTree = "<group>"; };
		18F8A84E1AE0BBC300B37EE5 /* AppDelegate.h */ = {isa = PBXFileReference; lastKnownFileType = sourcecode.c.h; path = AppDelegate.h; sourceTree = "<group>"; };
		18F8A84F1AE0BBC300B37EE5 /* AppDelegate.m */ = {isa = PBXFileReference; lastKnownFileType = sourcecode.c.objc; path = AppDelegate.m; sourceTree = "<group>"; };
		18F8A8571AE0BBC400B37EE5 /* Images.xcassets */ = {isa = PBXFileReference; lastKnownFileType = folder.assetcatalog; path = Images.xcassets; sourceTree = "<group>"; };
		18F8A8601AE0BBC400B37EE5 /* SnapltTests.xctest */ = {isa = PBXFileReference; explicitFileType = wrapper.cfbundle; includeInIndex = 0; path = SnapltTests.xctest; sourceTree = BUILT_PRODUCTS_DIR; };
		18F8A8651AE0BBC400B37EE5 /* Info.plist */ = {isa = PBXFileReference; lastKnownFileType = text.plist.xml; path = Info.plist; sourceTree = "<group>"; };
		18F8A8661AE0BBC400B37EE5 /* SnapltTests.m */ = {isa = PBXFileReference; lastKnownFileType = sourcecode.c.objc; path = SnapltTests.m; sourceTree = "<group>"; };
		18F8A8701AE0BBF100B37EE5 /* HomeViewController.h */ = {isa = PBXFileReference; fileEncoding = 4; lastKnownFileType = sourcecode.c.h; path = HomeViewController.h; sourceTree = "<group>"; };
		18F8A8711AE0BBF100B37EE5 /* HomeViewController.m */ = {isa = PBXFileReference; fileEncoding = 4; lastKnownFileType = sourcecode.c.objc; path = HomeViewController.m; sourceTree = "<group>"; };
		18F8A8741AE0BC7800B37EE5 /* screen-welcome.jpg */ = {isa = PBXFileReference; lastKnownFileType = image.jpeg; path = "screen-welcome.jpg"; sourceTree = "<group>"; };
		18F8A8771AE14D8C00B37EE5 /* AssetsLibrary.framework */ = {isa = PBXFileReference; lastKnownFileType = wrapper.framework; name = AssetsLibrary.framework; path = System/Library/Frameworks/AssetsLibrary.framework; sourceTree = SDKROOT; };
		18F8A8791AE14D9D00B37EE5 /* CoreGraphics.framework */ = {isa = PBXFileReference; lastKnownFileType = wrapper.framework; name = CoreGraphics.framework; path = System/Library/Frameworks/CoreGraphics.framework; sourceTree = SDKROOT; };
		18F8A87B1AE14DA600B37EE5 /* Foundation.framework */ = {isa = PBXFileReference; lastKnownFileType = wrapper.framework; name = Foundation.framework; path = System/Library/Frameworks/Foundation.framework; sourceTree = SDKROOT; };
		18F8A87D1AE14DB900B37EE5 /* MobileCoreServices.framework */ = {isa = PBXFileReference; lastKnownFileType = wrapper.framework; name = MobileCoreServices.framework; path = System/Library/Frameworks/MobileCoreServices.framework; sourceTree = SDKROOT; };
		18F8A87F1AE14DCA00B37EE5 /* UIKit.framework */ = {isa = PBXFileReference; lastKnownFileType = wrapper.framework; name = UIKit.framework; path = System/Library/Frameworks/UIKit.framework; sourceTree = SDKROOT; };
		18F8A8811AE1607D00B37EE5 /* 01.jpg */ = {isa = PBXFileReference; lastKnownFileType = image.jpeg; path = 01.jpg; sourceTree = "<group>"; };
		18F8A8821AE1607D00B37EE5 /* 02.jpg */ = {isa = PBXFileReference; lastKnownFileType = image.jpeg; path = 02.jpg; sourceTree = "<group>"; };
		18F8A8831AE1607D00B37EE5 /* 03.jpg */ = {isa = PBXFileReference; lastKnownFileType = image.jpeg; path = 03.jpg; sourceTree = "<group>"; };
		18F8A8841AE1607D00B37EE5 /* 04.jpg */ = {isa = PBXFileReference; lastKnownFileType = image.jpeg; path = 04.jpg; sourceTree = "<group>"; };
		490C2E2E1AF18AE700060397 /* camera-icon.png */ = {isa = PBXFileReference; lastKnownFileType = image.png; path = "camera-icon.png"; sourceTree = "<group>"; };
		490C2E301AF18B0B00060397 /* aperture-50px.png */ = {isa = PBXFileReference; lastKnownFileType = image.png; path = "aperture-50px.png"; sourceTree = "<group>"; };
		490C2E311AF18B0B00060397 /* exposure-bias-50px.png */ = {isa = PBXFileReference; lastKnownFileType = image.png; path = "exposure-bias-50px.png"; sourceTree = "<group>"; };
		490C2E321AF18B0B00060397 /* focal-lens.png */ = {isa = PBXFileReference; lastKnownFileType = image.png; path = "focal-lens.png"; sourceTree = "<group>"; };
		490C2E331AF18B0B00060397 /* iso-speed-50px.png */ = {isa = PBXFileReference; lastKnownFileType = image.png; path = "iso-speed-50px.png"; sourceTree = "<group>"; };
		490C2E341AF18B0B00060397 /* shutter-speed-50px.png */ = {isa = PBXFileReference; lastKnownFileType = image.png; path = "shutter-speed-50px.png"; sourceTree = "<group>"; };
		490C2E351AF18B0B00060397 /* white-balance.png */ = {isa = PBXFileReference; lastKnownFileType = image.png; path = "white-balance.png"; sourceTree = "<group>"; };
		4911806E1AEC2E4100A686A5 /* 05.jpg */ = {isa = PBXFileReference; lastKnownFileType = image.jpeg; path = 05.jpg; sourceTree = "<group>"; };
		4911806F1AEC2E4100A686A5 /* 06.jpg */ = {isa = PBXFileReference; lastKnownFileType = image.jpeg; path = 06.jpg; sourceTree = "<group>"; };
		491180701AEC2E4100A686A5 /* 07.jpg */ = {isa = PBXFileReference; lastKnownFileType = image.jpeg; path = 07.jpg; sourceTree = "<group>"; };
		491180711AEC2E4100A686A5 /* 08.jpg */ = {isa = PBXFileReference; lastKnownFileType = image.jpeg; path = 08.jpg; sourceTree = "<group>"; };
		491762F71AF81CD700B22574 /* PhotoInspirationStore.h */ = {isa = PBXFileReference; fileEncoding = 4; lastKnownFileType = sourcecode.c.h; path = PhotoInspirationStore.h; sourceTree = "<group>"; };
		491762F81AF81CD700B22574 /* PhotoInspirationStore.m */ = {isa = PBXFileReference; fileEncoding = 4; lastKnownFileType = sourcecode.c.objc; path = PhotoInspirationStore.m; sourceTree = "<group>"; };
		4919C6471AE864C500F0FF7B /* 01.jpg */ = {isa = PBXFileReference; lastKnownFileType = image.jpeg; path = 01.jpg; sourceTree = "<group>"; };
		492D07FA1AF6DC31008AB91F /* StatisticsViewController.h */ = {isa = PBXFileReference; fileEncoding = 4; lastKnownFileType = sourcecode.c.h; path = StatisticsViewController.h; sourceTree = "<group>"; };
		492D07FB1AF6DC31008AB91F /* StatisticsViewController.m */ = {isa = PBXFileReference; fileEncoding = 4; lastKnownFileType = sourcecode.c.objc; path = StatisticsViewController.m; sourceTree = "<group>"; };
		49477B441AF7035600DE637A /* screen-stats.jpg */ = {isa = PBXFileReference; lastKnownFileType = image.jpeg; path = "screen-stats.jpg"; sourceTree = "<group>"; };
		49477B461AF7035F00DE637A /* screen_bg.png */ = {isa = PBXFileReference; lastKnownFileType = image.png; path = screen_bg.png; sourceTree = "<group>"; };
		665D5D3A96631766C066A961 /* Pods.debug.xcconfig */ = {isa = PBXFileReference; includeInIndex = 1; lastKnownFileType = text.xcconfig; name = Pods.debug.xcconfig; path = "Pods/Target Support Files/Pods/Pods.debug.xcconfig"; sourceTree = "<group>"; };
		E1EDC1BE6C79A4ADF194F7A4 /* Pods.release.xcconfig */ = {isa = PBXFileReference; includeInIndex = 1; lastKnownFileType = text.xcconfig; name = Pods.release.xcconfig; path = "Pods/Target Support Files/Pods/Pods.release.xcconfig"; sourceTree = "<group>"; };
		FFD9D4B7BEE6C22911DBB838 /* libPods.a */ = {isa = PBXFileReference; explicitFileType = archive.ar; includeInIndex = 0; path = libPods.a; sourceTree = BUILT_PRODUCTS_DIR; };
/* End PBXFileReference section */

/* Begin PBXFrameworksBuildPhase section */
		18F8A8441AE0BBC300B37EE5 /* Frameworks */ = {
			isa = PBXFrameworksBuildPhase;
			buildActionMask = 2147483647;
			files = (
				18F8A8801AE14DCA00B37EE5 /* UIKit.framework in Frameworks */,
				18F8A87E1AE14DB900B37EE5 /* MobileCoreServices.framework in Frameworks */,
				18F8A87C1AE14DA600B37EE5 /* Foundation.framework in Frameworks */,
				18F8A87A1AE14D9D00B37EE5 /* CoreGraphics.framework in Frameworks */,
				18F8A8781AE14D8C00B37EE5 /* AssetsLibrary.framework in Frameworks */,
				258A02A4460ACA9690C2506E /* libPods.a in Frameworks */,
			);
			runOnlyForDeploymentPostprocessing = 0;
		};
		18F8A85D1AE0BBC400B37EE5 /* Frameworks */ = {
			isa = PBXFrameworksBuildPhase;
			buildActionMask = 2147483647;
			files = (
			);
			runOnlyForDeploymentPostprocessing = 0;
		};
/* End PBXFrameworksBuildPhase section */

/* Begin PBXGroup section */
		18F8A83E1AE0BBC300B37EE5 = {
			isa = PBXGroup;
			children = (
				18F8A87F1AE14DCA00B37EE5 /* UIKit.framework */,
				18F8A87D1AE14DB900B37EE5 /* MobileCoreServices.framework */,
				18F8A87B1AE14DA600B37EE5 /* Foundation.framework */,
				18F8A8791AE14D9D00B37EE5 /* CoreGraphics.framework */,
				18F8A8771AE14D8C00B37EE5 /* AssetsLibrary.framework */,
				18F8A8491AE0BBC300B37EE5 /* Snaplt */,
				18F8A8631AE0BBC400B37EE5 /* SnapltTests */,
				18F8A8481AE0BBC300B37EE5 /* Products */,
				F19343ED7C6E44B5DD8629A3 /* Pods */,
				5BAC02E0F1B49EFA5D056F0E /* Frameworks */,
			);
			sourceTree = "<group>";
		};
		18F8A8481AE0BBC300B37EE5 /* Products */ = {
			isa = PBXGroup;
			children = (
				18F8A8471AE0BBC300B37EE5 /* Snaplt.app */,
				18F8A8601AE0BBC400B37EE5 /* SnapltTests.xctest */,
			);
			name = Products;
			sourceTree = "<group>";
		};
		18F8A8491AE0BBC300B37EE5 /* Snaplt */ = {
			isa = PBXGroup;
			children = (
				18F8A84E1AE0BBC300B37EE5 /* AppDelegate.h */,
				18F8A84F1AE0BBC300B37EE5 /* AppDelegate.m */,
				491762F71AF81CD700B22574 /* PhotoInspirationStore.h */,
				491762F81AF81CD700B22574 /* PhotoInspirationStore.m */,
				492D07FA1AF6DC31008AB91F /* StatisticsViewController.h */,
				492D07FB1AF6DC31008AB91F /* StatisticsViewController.m */,
				18F8A8701AE0BBF100B37EE5 /* HomeViewController.h */,
				18F8A8711AE0BBF100B37EE5 /* HomeViewController.m */,
				18729FBC1AE2AE9800DB4E73 /* DetailViewController.h */,
				18729FBD1AE2AE9800DB4E73 /* DetailViewController.m */,
				18729FC41AE2FAAB00DB4E73 /* TakeViewController.h */,
				18729FC51AE2FAAB00DB4E73 /* TakeViewController.m */,
				18F8A8571AE0BBC400B37EE5 /* Images.xcassets */,
				18F8A84A1AE0BBC300B37EE5 /* Supporting Files */,
			);
			path = Snaplt;
			sourceTree = "<group>";
		};
		18F8A84A1AE0BBC300B37EE5 /* Supporting Files */ = {
			isa = PBXGroup;
			children = (
				4919C6471AE864C500F0FF7B /* 01.jpg */,
				18F8A8731AE0BC5500B37EE5 /* resources */,
				18F8A84B1AE0BBC300B37EE5 /* Info.plist */,
				18F8A84C1AE0BBC300B37EE5 /* main.m */,
			);
			name = "Supporting Files";
			sourceTree = "<group>";
		};
		18F8A8631AE0BBC400B37EE5 /* SnapltTests */ = {
			isa = PBXGroup;
			children = (
				18F8A8661AE0BBC400B37EE5 /* SnapltTests.m */,
				18F8A8641AE0BBC400B37EE5 /* Supporting Files */,
			);
			path = SnapltTests;
			sourceTree = "<group>";
		};
		18F8A8641AE0BBC400B37EE5 /* Supporting Files */ = {
			isa = PBXGroup;
			children = (
				18F8A8651AE0BBC400B37EE5 /* Info.plist */,
			);
			name = "Supporting Files";
			sourceTree = "<group>";
		};
		18F8A8731AE0BC5500B37EE5 /* resources */ = {
			isa = PBXGroup;
			children = (
				490C2E2E1AF18AE700060397 /* camera-icon.png */,
				18729FC21AE2BD9A00DB4E73 /* camera-snap.png */,
				490C2E301AF18B0B00060397 /* aperture-50px.png */,
				490C2E311AF18B0B00060397 /* exposure-bias-50px.png */,
				49477B441AF7035600DE637A /* screen-stats.jpg */,
				490C2E321AF18B0B00060397 /* focal-lens.png */,
				49477B461AF7035F00DE637A /* screen_bg.png */,
				490C2E331AF18B0B00060397 /* iso-speed-50px.png */,
				490C2E341AF18B0B00060397 /* shutter-speed-50px.png */,
				490C2E351AF18B0B00060397 /* white-balance.png */,
				18F8A8811AE1607D00B37EE5 /* 01.jpg */,
				18F8A8821AE1607D00B37EE5 /* 02.jpg */,
				18F8A8831AE1607D00B37EE5 /* 03.jpg */,
				18F8A8841AE1607D00B37EE5 /* 04.jpg */,
				4911806E1AEC2E4100A686A5 /* 05.jpg */,
				4911806F1AEC2E4100A686A5 /* 06.jpg */,
				491180701AEC2E4100A686A5 /* 07.jpg */,
				491180711AEC2E4100A686A5 /* 08.jpg */,
				18F8A8741AE0BC7800B37EE5 /* screen-welcome.jpg */,
			);
			name = resources;
			sourceTree = "<group>";
		};
		5BAC02E0F1B49EFA5D056F0E /* Frameworks */ = {
			isa = PBXGroup;
			children = (
				FFD9D4B7BEE6C22911DBB838 /* libPods.a */,
			);
			name = Frameworks;
			sourceTree = "<group>";
		};
		F19343ED7C6E44B5DD8629A3 /* Pods */ = {
			isa = PBXGroup;
			children = (
				665D5D3A96631766C066A961 /* Pods.debug.xcconfig */,
				E1EDC1BE6C79A4ADF194F7A4 /* Pods.release.xcconfig */,
			);
			name = Pods;
			sourceTree = "<group>";
		};
/* End PBXGroup section */

/* Begin PBXNativeTarget section */
		18F8A8461AE0BBC300B37EE5 /* Snaplt */ = {
			isa = PBXNativeTarget;
			buildConfigurationList = 18F8A86A1AE0BBC400B37EE5 /* Build configuration list for PBXNativeTarget "Snaplt" */;
			buildPhases = (
				F5DCB8B59C915B081825EFCB /* Check Pods Manifest.lock */,
				18F8A8431AE0BBC300B37EE5 /* Sources */,
				18F8A8441AE0BBC300B37EE5 /* Frameworks */,
				18F8A8451AE0BBC300B37EE5 /* Resources */,
				E3157240FC5C109500099AAB /* Copy Pods Resources */,
			);
			buildRules = (
			);
			dependencies = (
			);
			name = Snaplt;
			productName = Snaplt;
			productReference = 18F8A8471AE0BBC300B37EE5 /* Snaplt.app */;
			productType = "com.apple.product-type.application";
		};
		18F8A85F1AE0BBC400B37EE5 /* SnapltTests */ = {
			isa = PBXNativeTarget;
			buildConfigurationList = 18F8A86D1AE0BBC400B37EE5 /* Build configuration list for PBXNativeTarget "SnapltTests" */;
			buildPhases = (
				18F8A85C1AE0BBC400B37EE5 /* Sources */,
				18F8A85D1AE0BBC400B37EE5 /* Frameworks */,
				18F8A85E1AE0BBC400B37EE5 /* Resources */,
			);
			buildRules = (
			);
			dependencies = (
				18F8A8621AE0BBC400B37EE5 /* PBXTargetDependency */,
			);
			name = SnapltTests;
			productName = SnapltTests;
			productReference = 18F8A8601AE0BBC400B37EE5 /* SnapltTests.xctest */;
			productType = "com.apple.product-type.bundle.unit-test";
		};
/* End PBXNativeTarget section */

/* Begin PBXProject section */
		18F8A83F1AE0BBC300B37EE5 /* Project object */ = {
			isa = PBXProject;
			attributes = {
				LastUpgradeCheck = 0630;
				ORGANIZATIONNAME = apple;
				TargetAttributes = {
					18F8A8461AE0BBC300B37EE5 = {
						CreatedOnToolsVersion = 6.3;
						DevelopmentTeam = 9U8B84CL7Y;
					};
					18F8A85F1AE0BBC400B37EE5 = {
						CreatedOnToolsVersion = 6.3;
						TestTargetID = 18F8A8461AE0BBC300B37EE5;
					};
				};
			};
			buildConfigurationList = 18F8A8421AE0BBC300B37EE5 /* Build configuration list for PBXProject "Snaplt" */;
			compatibilityVersion = "Xcode 3.2";
			developmentRegion = English;
			hasScannedForEncodings = 0;
			knownRegions = (
				en,
				Base,
			);
			mainGroup = 18F8A83E1AE0BBC300B37EE5;
			productRefGroup = 18F8A8481AE0BBC300B37EE5 /* Products */;
			projectDirPath = "";
			projectRoot = "";
			targets = (
				18F8A8461AE0BBC300B37EE5 /* Snaplt */,
				18F8A85F1AE0BBC400B37EE5 /* SnapltTests */,
			);
		};
/* End PBXProject section */

/* Begin PBXResourcesBuildPhase section */
		18F8A8451AE0BBC300B37EE5 /* Resources */ = {
			isa = PBXResourcesBuildPhase;
			buildActionMask = 2147483647;
			files = (
				18729FC31AE2BD9A00DB4E73 /* camera-snap.png in Resources */,
				490C2E371AF18B0B00060397 /* exposure-bias-50px.png in Resources */,
				490C2E2F1AF18AE700060397 /* camera-icon.png in Resources */,
				491180751AEC2E4100A686A5 /* 08.jpg in Resources */,
				490C2E3A1AF18B0B00060397 /* shutter-speed-50px.png in Resources */,
				490C2E391AF18B0B00060397 /* iso-speed-50px.png in Resources */,
				18F8A8891AE1607D00B37EE5 /* 03.jpg in Resources */,
				490C2E381AF18B0B00060397 /* focal-lens.png in Resources */,
				18F8A8751AE0BC7800B37EE5 /* screen-welcome.jpg in Resources */,
				18F8A8581AE0BBC400B37EE5 /* Images.xcassets in Resources */,
				491180721AEC2E4100A686A5 /* 05.jpg in Resources */,
				49477B451AF7035600DE637A /* screen-stats.jpg in Resources */,
				491180741AEC2E4100A686A5 /* 07.jpg in Resources */,
				491180731AEC2E4100A686A5 /* 06.jpg in Resources */,
				49477B471AF7035F00DE637A /* screen_bg.png in Resources */,
				490C2E3B1AF18B0B00060397 /* white-balance.png in Resources */,
				18F8A8851AE1607D00B37EE5 /* 01.jpg in Resources */,
				18F8A8871AE1607D00B37EE5 /* 02.jpg in Resources */,
				4919C6481AE864C500F0FF7B /* 01.jpg in Resources */,
				490C2E361AF18B0B00060397 /* aperture-50px.png in Resources */,
				18F8A88B1AE1607D00B37EE5 /* 04.jpg in Resources */,
			);
			runOnlyForDeploymentPostprocessing = 0;
		};
		18F8A85E1AE0BBC400B37EE5 /* Resources */ = {
			isa = PBXResourcesBuildPhase;
			buildActionMask = 2147483647;
			files = (
				18F8A88C1AE1607D00B37EE5 /* 04.jpg in Resources */,
				18F8A88A1AE1607D00B37EE5 /* 03.jpg in Resources */,
				18F8A8861AE1607D00B37EE5 /* 01.jpg in Resources */,
				18F8A8881AE1607D00B37EE5 /* 02.jpg in Resources */,
				18F8A8761AE0BC7800B37EE5 /* screen-welcome.jpg in Resources */,
			);
			runOnlyForDeploymentPostprocessing = 0;
		};
/* End PBXResourcesBuildPhase section */

/* Begin PBXShellScriptBuildPhase section */
		E3157240FC5C109500099AAB /* Copy Pods Resources */ = {
			isa = PBXShellScriptBuildPhase;
			buildActionMask = 2147483647;
			files = (
			);
			inputPaths = (
			);
			name = "Copy Pods Resources";
			outputPaths = (
			);
			runOnlyForDeploymentPostprocessing = 0;
			shellPath = /bin/sh;
			shellScript = "\"${SRCROOT}/Pods/Target Support Files/Pods/Pods-resources.sh\"\n";
			showEnvVarsInLog = 0;
		};
		F5DCB8B59C915B081825EFCB /* Check Pods Manifest.lock */ = {
			isa = PBXShellScriptBuildPhase;
			buildActionMask = 2147483647;
			files = (
			);
			inputPaths = (
			);
			name = "Check Pods Manifest.lock";
			outputPaths = (
			);
			runOnlyForDeploymentPostprocessing = 0;
			shellPath = /bin/sh;
			shellScript = "diff \"${PODS_ROOT}/../Podfile.lock\" \"${PODS_ROOT}/Manifest.lock\" > /dev/null\nif [[ $? != 0 ]] ; then\n    cat << EOM\nerror: The sandbox is not in sync with the Podfile.lock. Run 'pod install' or update your CocoaPods installation.\nEOM\n    exit 1\nfi\n";
			showEnvVarsInLog = 0;
		};
/* End PBXShellScriptBuildPhase section */

/* Begin PBXSourcesBuildPhase section */
		18F8A8431AE0BBC300B37EE5 /* Sources */ = {
			isa = PBXSourcesBuildPhase;
			buildActionMask = 2147483647;
			files = (
				18F8A8501AE0BBC300B37EE5 /* AppDelegate.m in Sources */,
				18F8A84D1AE0BBC300B37EE5 /* main.m in Sources */,
				18F8A8721AE0BBF100B37EE5 /* HomeViewController.m in Sources */,
				492D07FC1AF6DC31008AB91F /* StatisticsViewController.m in Sources */,
				491762F91AF81CD700B22574 /* PhotoInspirationStore.m in Sources */,
				18729FBE1AE2AE9800DB4E73 /* DetailViewController.m in Sources */,
				18729FC61AE2FAAB00DB4E73 /* TakeViewController.m in Sources */,
			);
			runOnlyForDeploymentPostprocessing = 0;
		};
		18F8A85C1AE0BBC400B37EE5 /* Sources */ = {
			isa = PBXSourcesBuildPhase;
			buildActionMask = 2147483647;
			files = (
				18F8A8671AE0BBC400B37EE5 /* SnapltTests.m in Sources */,
			);
			runOnlyForDeploymentPostprocessing = 0;
		};
/* End PBXSourcesBuildPhase section */

/* Begin PBXTargetDependency section */
		18F8A8621AE0BBC400B37EE5 /* PBXTargetDependency */ = {
			isa = PBXTargetDependency;
			target = 18F8A8461AE0BBC300B37EE5 /* Snaplt */;
			targetProxy = 18F8A8611AE0BBC400B37EE5 /* PBXContainerItemProxy */;
		};
/* End PBXTargetDependency section */

/* Begin XCBuildConfiguration section */
		18F8A8681AE0BBC400B37EE5 /* Debug */ = {
			isa = XCBuildConfiguration;
			buildSettings = {
				ALWAYS_SEARCH_USER_PATHS = NO;
				CLANG_CXX_LANGUAGE_STANDARD = "gnu++0x";
				CLANG_CXX_LIBRARY = "libc++";
				CLANG_ENABLE_MODULES = YES;
				CLANG_ENABLE_OBJC_ARC = YES;
				CLANG_WARN_BOOL_CONVERSION = YES;
				CLANG_WARN_CONSTANT_CONVERSION = YES;
				CLANG_WARN_DIRECT_OBJC_ISA_USAGE = YES_ERROR;
				CLANG_WARN_EMPTY_BODY = YES;
				CLANG_WARN_ENUM_CONVERSION = YES;
				CLANG_WARN_INT_CONVERSION = YES;
				CLANG_WARN_OBJC_ROOT_CLASS = YES_ERROR;
				CLANG_WARN_UNREACHABLE_CODE = YES;
				CLANG_WARN__DUPLICATE_METHOD_MATCH = YES;
				"CODE_SIGN_IDENTITY[sdk=iphoneos*]" = "iPhone Developer";
				COPY_PHASE_STRIP = NO;
				DEBUG_INFORMATION_FORMAT = "dwarf-with-dsym";
				ENABLE_STRICT_OBJC_MSGSEND = YES;
				GCC_C_LANGUAGE_STANDARD = gnu99;
				GCC_DYNAMIC_NO_PIC = NO;
				GCC_NO_COMMON_BLOCKS = YES;
				GCC_OPTIMIZATION_LEVEL = 0;
				GCC_PREPROCESSOR_DEFINITIONS = (
					"DEBUG=1",
					"$(inherited)",
				);
				GCC_SYMBOLS_PRIVATE_EXTERN = NO;
				GCC_WARN_64_TO_32_BIT_CONVERSION = YES;
				GCC_WARN_ABOUT_RETURN_TYPE = YES_ERROR;
				GCC_WARN_UNDECLARED_SELECTOR = YES;
				GCC_WARN_UNINITIALIZED_AUTOS = YES_AGGRESSIVE;
				GCC_WARN_UNUSED_FUNCTION = YES;
				GCC_WARN_UNUSED_VARIABLE = YES;
				IPHONEOS_DEPLOYMENT_TARGET = 8.3;
				MTL_ENABLE_DEBUG_INFO = YES;
				ONLY_ACTIVE_ARCH = YES;
				SDKROOT = iphoneos;
			};
			name = Debug;
		};
		18F8A8691AE0BBC400B37EE5 /* Release */ = {
			isa = XCBuildConfiguration;
			buildSettings = {
				ALWAYS_SEARCH_USER_PATHS = NO;
				CLANG_CXX_LANGUAGE_STANDARD = "gnu++0x";
				CLANG_CXX_LIBRARY = "libc++";
				CLANG_ENABLE_MODULES = YES;
				CLANG_ENABLE_OBJC_ARC = YES;
				CLANG_WARN_BOOL_CONVERSION = YES;
				CLANG_WARN_CONSTANT_CONVERSION = YES;
				CLANG_WARN_DIRECT_OBJC_ISA_USAGE = YES_ERROR;
				CLANG_WARN_EMPTY_BODY = YES;
				CLANG_WARN_ENUM_CONVERSION = YES;
				CLANG_WARN_INT_CONVERSION = YES;
				CLANG_WARN_OBJC_ROOT_CLASS = YES_ERROR;
				CLANG_WARN_UNREACHABLE_CODE = YES;
				CLANG_WARN__DUPLICATE_METHOD_MATCH = YES;
				"CODE_SIGN_IDENTITY[sdk=iphoneos*]" = "iPhone Developer";
				COPY_PHASE_STRIP = NO;
				DEBUG_INFORMATION_FORMAT = "dwarf-with-dsym";
				ENABLE_NS_ASSERTIONS = NO;
				ENABLE_STRICT_OBJC_MSGSEND = YES;
				GCC_C_LANGUAGE_STANDARD = gnu99;
				GCC_NO_COMMON_BLOCKS = YES;
				GCC_WARN_64_TO_32_BIT_CONVERSION = YES;
				GCC_WARN_ABOUT_RETURN_TYPE = YES_ERROR;
				GCC_WARN_UNDECLARED_SELECTOR = YES;
				GCC_WARN_UNINITIALIZED_AUTOS = YES_AGGRESSIVE;
				GCC_WARN_UNUSED_FUNCTION = YES;
				GCC_WARN_UNUSED_VARIABLE = YES;
				IPHONEOS_DEPLOYMENT_TARGET = 8.3;
				MTL_ENABLE_DEBUG_INFO = NO;
				SDKROOT = iphoneos;
				VALIDATE_PRODUCT = YES;
			};
			name = Release;
		};
		18F8A86B1AE0BBC400B37EE5 /* Debug */ = {
			isa = XCBuildConfiguration;
			baseConfigurationReference = 665D5D3A96631766C066A961 /* Pods.debug.xcconfig */;
			buildSettings = {
				ASSETCATALOG_COMPILER_APPICON_NAME = "AppIcon-2";
				ASSETCATALOG_COMPILER_LAUNCHIMAGE_NAME = LaunchImage;
				CODE_SIGN_IDENTITY = "iPhone Developer";
				INFOPLIST_FILE = Snaplt/Info.plist;
				LD_RUNPATH_SEARCH_PATHS = "$(inherited) @executable_path/Frameworks";
				PRODUCT_NAME = "$(TARGET_NAME)";
			};
			name = Debug;
		};
		18F8A86C1AE0BBC400B37EE5 /* Release */ = {
			isa = XCBuildConfiguration;
			baseConfigurationReference = E1EDC1BE6C79A4ADF194F7A4 /* Pods.release.xcconfig */;
			buildSettings = {
				ASSETCATALOG_COMPILER_APPICON_NAME = "AppIcon-2";
				ASSETCATALOG_COMPILER_LAUNCHIMAGE_NAME = LaunchImage;
				CODE_SIGN_IDENTITY = "iPhone Developer";
				INFOPLIST_FILE = Snaplt/Info.plist;
				LD_RUNPATH_SEARCH_PATHS = "$(inherited) @executable_path/Frameworks";
				PRODUCT_NAME = "$(TARGET_NAME)";
			};
			name = Release;
		};
		18F8A86E1AE0BBC400B37EE5 /* Debug */ = {
			isa = XCBuildConfiguration;
			buildSettings = {
				BUNDLE_LOADER = "$(TEST_HOST)";
				FRAMEWORK_SEARCH_PATHS = (
					"$(SDKROOT)/Developer/Library/Frameworks",
					"$(inherited)",
				);
				GCC_PREPROCESSOR_DEFINITIONS = (
					"DEBUG=1",
					"$(inherited)",
				);
				INFOPLIST_FILE = SnapltTests/Info.plist;
				LD_RUNPATH_SEARCH_PATHS = "$(inherited) @executable_path/Frameworks @loader_path/Frameworks";
				PRODUCT_NAME = "$(TARGET_NAME)";
				TEST_HOST = "$(BUILT_PRODUCTS_DIR)/Snaplt.app/Snaplt";
			};
			name = Debug;
		};
		18F8A86F1AE0BBC400B37EE5 /* Release */ = {
			isa = XCBuildConfiguration;
			buildSettings = {
				BUNDLE_LOADER = "$(TEST_HOST)";
				FRAMEWORK_SEARCH_PATHS = (
					"$(SDKROOT)/Developer/Library/Frameworks",
					"$(inherited)",
				);
				INFOPLIST_FILE = SnapltTests/Info.plist;
				LD_RUNPATH_SEARCH_PATHS = "$(inherited) @executable_path/Frameworks @loader_path/Frameworks";
				PRODUCT_NAME = "$(TARGET_NAME)";
				TEST_HOST = "$(BUILT_PRODUCTS_DIR)/Snaplt.app/Snaplt";
			};
			name = Release;
		};
/* End XCBuildConfiguration section */

/* Begin XCConfigurationList section */
		18F8A8421AE0BBC300B37EE5 /* Build configuration list for PBXProject "Snaplt" */ = {
			isa = XCConfigurationList;
			buildConfigurations = (
				18F8A8681AE0BBC400B37EE5 /* Debug */,
				18F8A8691AE0BBC400B37EE5 /* Release */,
			);
			defaultConfigurationIsVisible = 0;
			defaultConfigurationName = Release;
		};
		18F8A86A1AE0BBC400B37EE5 /* Build configuration list for PBXNativeTarget "Snaplt" */ = {
			isa = XCConfigurationList;
			buildConfigurations = (
				18F8A86B1AE0BBC400B37EE5 /* Debug */,
				18F8A86C1AE0BBC400B37EE5 /* Release */,
			);
			defaultConfigurationIsVisible = 0;
			defaultConfigurationName = Release;
		};
		18F8A86D1AE0BBC400B37EE5 /* Build configuration list for PBXNativeTarget "SnapltTests" */ = {
			isa = XCConfigurationList;
			buildConfigurations = (
				18F8A86E1AE0BBC400B37EE5 /* Debug */,
				18F8A86F1AE0BBC400B37EE5 /* Release */,
			);
			defaultConfigurationIsVisible = 0;
			defaultConfigurationName = Release;
		};
/* End XCConfigurationList section */
	};
	rootObject = 18F8A83F1AE0BBC300B37EE5 /* Project object */;
}
