// !$*UTF8*$!
{
	archiveVersion = 1;
	classes = {
	};
	objectVersion = 46;
	objects = {

/* Begin PBXBuildFile section */
		490DE4621ADC200400D5F8CA /* main.m in Sources */ = {isa = PBXBuildFile; fileRef = 490DE4611ADC200400D5F8CA /* main.m */; };
		490DE4651ADC200400D5F8CA /* AppDelegate.m in Sources */ = {isa = PBXBuildFile; fileRef = 490DE4641ADC200400D5F8CA /* AppDelegate.m */; };
		490DE4681ADC200400D5F8CA /* ViewController.m in Sources */ = {isa = PBXBuildFile; fileRef = 490DE4671ADC200400D5F8CA /* ViewController.m */; };
		490DE46B1ADC200400D5F8CA /* Main.storyboard in Resources */ = {isa = PBXBuildFile; fileRef = 490DE4691ADC200400D5F8CA /* Main.storyboard */; };
		490DE46D1ADC200400D5F8CA /* Images.xcassets in Resources */ = {isa = PBXBuildFile; fileRef = 490DE46C1ADC200400D5F8CA /* Images.xcassets */; };
		490DE47C1ADC200400D5F8CA /* SnapItTests.m in Sources */ = {isa = PBXBuildFile; fileRef = 490DE47B1ADC200400D5F8CA /* SnapItTests.m */; };
		490DE4861ADC246700D5F8CA /* screen-welcome.jpg in Resources */ = {isa = PBXBuildFile; fileRef = 490DE4851ADC246700D5F8CA /* screen-welcome.jpg */; };
		49CD52BD1AE1191600060BAF /* IMG_6670.jpg in Resources */ = {isa = PBXBuildFile; fileRef = 49CD52B91AE1191600060BAF /* IMG_6670.jpg */; };
		49CD52BE1AE1191600060BAF /* IMG_6678.jpg in Resources */ = {isa = PBXBuildFile; fileRef = 49CD52BA1AE1191600060BAF /* IMG_6678.jpg */; };
		49CD52BF1AE1191600060BAF /* IMG_6958.jpg in Resources */ = {isa = PBXBuildFile; fileRef = 49CD52BB1AE1191600060BAF /* IMG_6958.jpg */; };
		49CD52C01AE1191600060BAF /* IMG_6961.jpg in Resources */ = {isa = PBXBuildFile; fileRef = 49CD52BC1AE1191600060BAF /* IMG_6961.jpg */; };
		49CD52C81AE1193800060BAF /* aperture-50px.png in Resources */ = {isa = PBXBuildFile; fileRef = 49CD52C11AE1193800060BAF /* aperture-50px.png */; };
		49CD52C91AE1193800060BAF /* camera-snap.png in Resources */ = {isa = PBXBuildFile; fileRef = 49CD52C21AE1193800060BAF /* camera-snap.png */; };
		49CD52CA1AE1193800060BAF /* exposure-bias-50px.png in Resources */ = {isa = PBXBuildFile; fileRef = 49CD52C31AE1193800060BAF /* exposure-bias-50px.png */; };
		49CD52CB1AE1193800060BAF /* focal-lens.png in Resources */ = {isa = PBXBuildFile; fileRef = 49CD52C41AE1193800060BAF /* focal-lens.png */; };
		49CD52CC1AE1193800060BAF /* iso-speed-50px.png in Resources */ = {isa = PBXBuildFile; fileRef = 49CD52C51AE1193800060BAF /* iso-speed-50px.png */; };
		49CD52CD1AE1193800060BAF /* shutter-speed-50px.png in Resources */ = {isa = PBXBuildFile; fileRef = 49CD52C61AE1193800060BAF /* shutter-speed-50px.png */; };
		49CD52CE1AE1193800060BAF /* white-balance.png in Resources */ = {isa = PBXBuildFile; fileRef = 49CD52C71AE1193800060BAF /* white-balance.png */; };
		49CD52D51AE1196000060BAF /* 58.png in Resources */ = {isa = PBXBuildFile; fileRef = 49CD52CF1AE1196000060BAF /* 58.png */; };
		49CD52D61AE1196000060BAF /* 80.png in Resources */ = {isa = PBXBuildFile; fileRef = 49CD52D01AE1196000060BAF /* 80.png */; };
		49CD52D71AE1196000060BAF /* 87.png in Resources */ = {isa = PBXBuildFile; fileRef = 49CD52D11AE1196000060BAF /* 87.png */; };
		49CD52D81AE1196000060BAF /* 90.png in Resources */ = {isa = PBXBuildFile; fileRef = 49CD52D21AE1196000060BAF /* 90.png */; };
		49CD52D91AE1196000060BAF /* 120.png in Resources */ = {isa = PBXBuildFile; fileRef = 49CD52D31AE1196000060BAF /* 120.png */; };
		49CD52DA1AE1196000060BAF /* 180.png in Resources */ = {isa = PBXBuildFile; fileRef = 49CD52D41AE1196000060BAF /* 180.png */; };
		49CD53061AE1678300060BAF /* UIKit.framework in Frameworks */ = {isa = PBXBuildFile; fileRef = 49CD53051AE1678300060BAF /* UIKit.framework */; };
/* End PBXBuildFile section */

/* Begin PBXContainerItemProxy section */
		490DE4761ADC200400D5F8CA /* PBXContainerItemProxy */ = {
			isa = PBXContainerItemProxy;
			containerPortal = 490DE4541ADC200400D5F8CA /* Project object */;
			proxyType = 1;
			remoteGlobalIDString = 490DE45B1ADC200400D5F8CA;
			remoteInfo = SnapIt;
		};
/* End PBXContainerItemProxy section */

/* Begin PBXFileReference section */
		490DE45C1ADC200400D5F8CA /* SnapIt.app */ = {isa = PBXFileReference; explicitFileType = wrapper.application; includeInIndex = 0; path = SnapIt.app; sourceTree = BUILT_PRODUCTS_DIR; };
		490DE4601ADC200400D5F8CA /* Info.plist */ = {isa = PBXFileReference; lastKnownFileType = text.plist.xml; path = Info.plist; sourceTree = "<group>"; };
		490DE4611ADC200400D5F8CA /* main.m */ = {isa = PBXFileReference; lastKnownFileType = sourcecode.c.objc; path = main.m; sourceTree = "<group>"; };
		490DE4631ADC200400D5F8CA /* AppDelegate.h */ = {isa = PBXFileReference; lastKnownFileType = sourcecode.c.h; path = AppDelegate.h; sourceTree = "<group>"; };
		490DE4641ADC200400D5F8CA /* AppDelegate.m */ = {isa = PBXFileReference; lastKnownFileType = sourcecode.c.objc; path = AppDelegate.m; sourceTree = "<group>"; };
		490DE4661ADC200400D5F8CA /* ViewController.h */ = {isa = PBXFileReference; lastKnownFileType = sourcecode.c.h; path = ViewController.h; sourceTree = "<group>"; };
		490DE4671ADC200400D5F8CA /* ViewController.m */ = {isa = PBXFileReference; lastKnownFileType = sourcecode.c.objc; path = ViewController.m; sourceTree = "<group>"; };
		490DE46A1ADC200400D5F8CA /* Base */ = {isa = PBXFileReference; lastKnownFileType = file.storyboard; name = Base; path = Base.lproj/Main.storyboard; sourceTree = "<group>"; };
		490DE46C1ADC200400D5F8CA /* Images.xcassets */ = {isa = PBXFileReference; lastKnownFileType = folder.assetcatalog; path = Images.xcassets; sourceTree = "<group>"; };
		490DE4751ADC200400D5F8CA /* SnapItTests.xctest */ = {isa = PBXFileReference; explicitFileType = wrapper.cfbundle; includeInIndex = 0; path = SnapItTests.xctest; sourceTree = BUILT_PRODUCTS_DIR; };
		490DE47A1ADC200400D5F8CA /* Info.plist */ = {isa = PBXFileReference; lastKnownFileType = text.plist.xml; path = Info.plist; sourceTree = "<group>"; };
		490DE47B1ADC200400D5F8CA /* SnapItTests.m */ = {isa = PBXFileReference; lastKnownFileType = sourcecode.c.objc; path = SnapItTests.m; sourceTree = "<group>"; };
		490DE4851ADC246700D5F8CA /* screen-welcome.jpg */ = {isa = PBXFileReference; lastKnownFileType = image.jpeg; path = "screen-welcome.jpg"; sourceTree = "<group>"; };
		49CD52B91AE1191600060BAF /* IMG_6670.jpg */ = {isa = PBXFileReference; lastKnownFileType = image.jpeg; path = IMG_6670.jpg; sourceTree = "<group>"; };
		49CD52BA1AE1191600060BAF /* IMG_6678.jpg */ = {isa = PBXFileReference; lastKnownFileType = image.jpeg; path = IMG_6678.jpg; sourceTree = "<group>"; };
		49CD52BB1AE1191600060BAF /* IMG_6958.jpg */ = {isa = PBXFileReference; lastKnownFileType = image.jpeg; path = IMG_6958.jpg; sourceTree = "<group>"; };
		49CD52BC1AE1191600060BAF /* IMG_6961.jpg */ = {isa = PBXFileReference; lastKnownFileType = image.jpeg; path = IMG_6961.jpg; sourceTree = "<group>"; };
		49CD52C11AE1193800060BAF /* aperture-50px.png */ = {isa = PBXFileReference; lastKnownFileType = image.png; path = "aperture-50px.png"; sourceTree = "<group>"; };
		49CD52C21AE1193800060BAF /* camera-snap.png */ = {isa = PBXFileReference; lastKnownFileType = image.png; path = "camera-snap.png"; sourceTree = "<group>"; };
		49CD52C31AE1193800060BAF /* exposure-bias-50px.png */ = {isa = PBXFileReference; lastKnownFileType = image.png; path = "exposure-bias-50px.png"; sourceTree = "<group>"; };
		49CD52C41AE1193800060BAF /* focal-lens.png */ = {isa = PBXFileReference; lastKnownFileType = image.png; path = "focal-lens.png"; sourceTree = "<group>"; };
		49CD52C51AE1193800060BAF /* iso-speed-50px.png */ = {isa = PBXFileReference; lastKnownFileType = image.png; path = "iso-speed-50px.png"; sourceTree = "<group>"; };
		49CD52C61AE1193800060BAF /* shutter-speed-50px.png */ = {isa = PBXFileReference; lastKnownFileType = image.png; path = "shutter-speed-50px.png"; sourceTree = "<group>"; };
		49CD52C71AE1193800060BAF /* white-balance.png */ = {isa = PBXFileReference; lastKnownFileType = image.png; path = "white-balance.png"; sourceTree = "<group>"; };
		49CD52CF1AE1196000060BAF /* 58.png */ = {isa = PBXFileReference; lastKnownFileType = image.png; path = 58.png; sourceTree = "<group>"; };
		49CD52D01AE1196000060BAF /* 80.png */ = {isa = PBXFileReference; lastKnownFileType = image.png; path = 80.png; sourceTree = "<group>"; };
		49CD52D11AE1196000060BAF /* 87.png */ = {isa = PBXFileReference; lastKnownFileType = image.png; path = 87.png; sourceTree = "<group>"; };
		49CD52D21AE1196000060BAF /* 90.png */ = {isa = PBXFileReference; lastKnownFileType = image.png; path = 90.png; sourceTree = "<group>"; };
		49CD52D31AE1196000060BAF /* 120.png */ = {isa = PBXFileReference; lastKnownFileType = image.png; path = 120.png; sourceTree = "<group>"; };
		49CD52D41AE1196000060BAF /* 180.png */ = {isa = PBXFileReference; lastKnownFileType = image.png; path = 180.png; sourceTree = "<group>"; };
		49CD53051AE1678300060BAF /* UIKit.framework */ = {isa = PBXFileReference; lastKnownFileType = wrapper.framework; name = UIKit.framework; path = System/Library/Frameworks/UIKit.framework; sourceTree = SDKROOT; };
/* End PBXFileReference section */

/* Begin PBXFrameworksBuildPhase section */
		490DE4591ADC200400D5F8CA /* Frameworks */ = {
			isa = PBXFrameworksBuildPhase;
			buildActionMask = 2147483647;
			files = (
				49CD53061AE1678300060BAF /* UIKit.framework in Frameworks */,
			);
			runOnlyForDeploymentPostprocessing = 0;
		};
		490DE4721ADC200400D5F8CA /* Frameworks */ = {
			isa = PBXFrameworksBuildPhase;
			buildActionMask = 2147483647;
			files = (
			);
			runOnlyForDeploymentPostprocessing = 0;
		};
/* End PBXFrameworksBuildPhase section */

/* Begin PBXGroup section */
		490DE4531ADC200400D5F8CA = {
			isa = PBXGroup;
			children = (
				49CD53051AE1678300060BAF /* UIKit.framework */,
				490DE45E1ADC200400D5F8CA /* SnapIt */,
				490DE4781ADC200400D5F8CA /* SnapItTests */,
				490DE45D1ADC200400D5F8CA /* Products */,
			);
			sourceTree = "<group>";
		};
		490DE45D1ADC200400D5F8CA /* Products */ = {
			isa = PBXGroup;
			children = (
				490DE45C1ADC200400D5F8CA /* SnapIt.app */,
				490DE4751ADC200400D5F8CA /* SnapItTests.xctest */,
			);
			name = Products;
			sourceTree = "<group>";
		};
		490DE45E1ADC200400D5F8CA /* SnapIt */ = {
			isa = PBXGroup;
			children = (
				490DE4631ADC200400D5F8CA /* AppDelegate.h */,
				490DE4641ADC200400D5F8CA /* AppDelegate.m */,
				490DE4661ADC200400D5F8CA /* ViewController.h */,
				490DE4671ADC200400D5F8CA /* ViewController.m */,
				490DE4691ADC200400D5F8CA /* Main.storyboard */,
				490DE46C1ADC200400D5F8CA /* Images.xcassets */,
				490DE45F1ADC200400D5F8CA /* Supporting Files */,
			);
			path = SnapIt;
			sourceTree = "<group>";
		};
		490DE45F1ADC200400D5F8CA /* Supporting Files */ = {
			isa = PBXGroup;
			children = (
				490DE4601ADC200400D5F8CA /* Info.plist */,
				490DE4611ADC200400D5F8CA /* main.m */,
				490DE4851ADC246700D5F8CA /* screen-welcome.jpg */,
				49CD52B91AE1191600060BAF /* IMG_6670.jpg */,
				49CD52BA1AE1191600060BAF /* IMG_6678.jpg */,
				49CD52BB1AE1191600060BAF /* IMG_6958.jpg */,
				49CD52BC1AE1191600060BAF /* IMG_6961.jpg */,
				49CD52C11AE1193800060BAF /* aperture-50px.png */,
				49CD52C21AE1193800060BAF /* camera-snap.png */,
				49CD52C31AE1193800060BAF /* exposure-bias-50px.png */,
				49CD52C41AE1193800060BAF /* focal-lens.png */,
				49CD52C51AE1193800060BAF /* iso-speed-50px.png */,
				49CD52C61AE1193800060BAF /* shutter-speed-50px.png */,
				49CD52C71AE1193800060BAF /* white-balance.png */,
				49CD52CF1AE1196000060BAF /* 58.png */,
				49CD52D01AE1196000060BAF /* 80.png */,
				49CD52D11AE1196000060BAF /* 87.png */,
				49CD52D21AE1196000060BAF /* 90.png */,
				49CD52D31AE1196000060BAF /* 120.png */,
				49CD52D41AE1196000060BAF /* 180.png */,
			);
			name = "Supporting Files";
			sourceTree = "<group>";
		};
		490DE4781ADC200400D5F8CA /* SnapItTests */ = {
			isa = PBXGroup;
			children = (
				490DE47B1ADC200400D5F8CA /* SnapItTests.m */,
				490DE4791ADC200400D5F8CA /* Supporting Files */,
			);
			path = SnapItTests;
			sourceTree = "<group>";
		};
		490DE4791ADC200400D5F8CA /* Supporting Files */ = {
			isa = PBXGroup;
			children = (
				490DE47A1ADC200400D5F8CA /* Info.plist */,
			);
			name = "Supporting Files";
			sourceTree = "<group>";
		};
/* End PBXGroup section */

/* Begin PBXNativeTarget section */
		490DE45B1ADC200400D5F8CA /* SnapIt */ = {
			isa = PBXNativeTarget;
			buildConfigurationList = 490DE47F1ADC200400D5F8CA /* Build configuration list for PBXNativeTarget "SnapIt" */;
			buildPhases = (
				490DE4581ADC200400D5F8CA /* Sources */,
				490DE4591ADC200400D5F8CA /* Frameworks */,
				490DE45A1ADC200400D5F8CA /* Resources */,
			);
			buildRules = (
			);
			dependencies = (
			);
			name = SnapIt;
			productName = SnapIt;
			productReference = 490DE45C1ADC200400D5F8CA /* SnapIt.app */;
			productType = "com.apple.product-type.application";
		};
		490DE4741ADC200400D5F8CA /* SnapItTests */ = {
			isa = PBXNativeTarget;
			buildConfigurationList = 490DE4821ADC200400D5F8CA /* Build configuration list for PBXNativeTarget "SnapItTests" */;
			buildPhases = (
				490DE4711ADC200400D5F8CA /* Sources */,
				490DE4721ADC200400D5F8CA /* Frameworks */,
				490DE4731ADC200400D5F8CA /* Resources */,
			);
			buildRules = (
			);
			dependencies = (
				490DE4771ADC200400D5F8CA /* PBXTargetDependency */,
			);
			name = SnapItTests;
			productName = SnapItTests;
			productReference = 490DE4751ADC200400D5F8CA /* SnapItTests.xctest */;
			productType = "com.apple.product-type.bundle.unit-test";
		};
/* End PBXNativeTarget section */

/* Begin PBXProject section */
		490DE4541ADC200400D5F8CA /* Project object */ = {
			isa = PBXProject;
			attributes = {
				LastUpgradeCheck = 0630;
				ORGANIZATIONNAME = "New York University";
				TargetAttributes = {
					490DE45B1ADC200400D5F8CA = {
						CreatedOnToolsVersion = 6.3;
						DevelopmentTeam = 9U8B84CL7Y;
					};
					490DE4741ADC200400D5F8CA = {
						CreatedOnToolsVersion = 6.3;
						TestTargetID = 490DE45B1ADC200400D5F8CA;
					};
				};
			};
			buildConfigurationList = 490DE4571ADC200400D5F8CA /* Build configuration list for PBXProject "SnapIt" */;
			compatibilityVersion = "Xcode 3.2";
			developmentRegion = English;
			hasScannedForEncodings = 0;
			knownRegions = (
				en,
				Base,
			);
			mainGroup = 490DE4531ADC200400D5F8CA;
			productRefGroup = 490DE45D1ADC200400D5F8CA /* Products */;
			projectDirPath = "";
			projectRoot = "";
			targets = (
				490DE45B1ADC200400D5F8CA /* SnapIt */,
				490DE4741ADC200400D5F8CA /* SnapItTests */,
			);
		};
/* End PBXProject section */

/* Begin PBXResourcesBuildPhase section */
		490DE45A1ADC200400D5F8CA /* Resources */ = {
			isa = PBXResourcesBuildPhase;
			buildActionMask = 2147483647;
			files = (
				49CD52D71AE1196000060BAF /* 87.png in Resources */,
				49CD52D91AE1196000060BAF /* 120.png in Resources */,
				49CD52CD1AE1193800060BAF /* shutter-speed-50px.png in Resources */,
				490DE46B1ADC200400D5F8CA /* Main.storyboard in Resources */,
				49CD52BD1AE1191600060BAF /* IMG_6670.jpg in Resources */,
				49CD52C81AE1193800060BAF /* aperture-50px.png in Resources */,
				49CD52D51AE1196000060BAF /* 58.png in Resources */,
				49CD52CC1AE1193800060BAF /* iso-speed-50px.png in Resources */,
				49CD52D81AE1196000060BAF /* 90.png in Resources */,
				49CD52DA1AE1196000060BAF /* 180.png in Resources */,
				49CD52BE1AE1191600060BAF /* IMG_6678.jpg in Resources */,
				490DE4861ADC246700D5F8CA /* screen-welcome.jpg in Resources */,
				490DE46D1ADC200400D5F8CA /* Images.xcassets in Resources */,
				49CD52BF1AE1191600060BAF /* IMG_6958.jpg in Resources */,
				49CD52CA1AE1193800060BAF /* exposure-bias-50px.png in Resources */,
				49CD52D61AE1196000060BAF /* 80.png in Resources */,
				49CD52CB1AE1193800060BAF /* focal-lens.png in Resources */,
				49CD52C91AE1193800060BAF /* camera-snap.png in Resources */,
				49CD52CE1AE1193800060BAF /* white-balance.png in Resources */,
				49CD52C01AE1191600060BAF /* IMG_6961.jpg in Resources */,
			);
			runOnlyForDeploymentPostprocessing = 0;
		};
		490DE4731ADC200400D5F8CA /* Resources */ = {
			isa = PBXResourcesBuildPhase;
			buildActionMask = 2147483647;
			files = (
			);
			runOnlyForDeploymentPostprocessing = 0;
		};
/* End PBXResourcesBuildPhase section */

/* Begin PBXSourcesBuildPhase section */
		490DE4581ADC200400D5F8CA /* Sources */ = {
			isa = PBXSourcesBuildPhase;
			buildActionMask = 2147483647;
			files = (
				490DE4681ADC200400D5F8CA /* ViewController.m in Sources */,
				490DE4651ADC200400D5F8CA /* AppDelegate.m in Sources */,
				490DE4621ADC200400D5F8CA /* main.m in Sources */,
			);
			runOnlyForDeploymentPostprocessing = 0;
		};
		490DE4711ADC200400D5F8CA /* Sources */ = {
			isa = PBXSourcesBuildPhase;
			buildActionMask = 2147483647;
			files = (
				490DE47C1ADC200400D5F8CA /* SnapItTests.m in Sources */,
			);
			runOnlyForDeploymentPostprocessing = 0;
		};
/* End PBXSourcesBuildPhase section */

/* Begin PBXTargetDependency section */
		490DE4771ADC200400D5F8CA /* PBXTargetDependency */ = {
			isa = PBXTargetDependency;
			target = 490DE45B1ADC200400D5F8CA /* SnapIt */;
			targetProxy = 490DE4761ADC200400D5F8CA /* PBXContainerItemProxy */;
		};
/* End PBXTargetDependency section */

/* Begin PBXVariantGroup section */
		490DE4691ADC200400D5F8CA /* Main.storyboard */ = {
			isa = PBXVariantGroup;
			children = (
				490DE46A1ADC200400D5F8CA /* Base */,
			);
			name = Main.storyboard;
			sourceTree = "<group>";
		};
/* End PBXVariantGroup section */

/* Begin XCBuildConfiguration section */
		490DE47D1ADC200400D5F8CA /* Debug */ = {
			isa = XCBuildConfiguration;
			buildSettings = {
				ALWAYS_SEARCH_USER_PATHS = NO;
				CLANG_CXX_LANGUAGE_STANDARD = "gnu++0x";
				CLANG_CXX_LIBRARY = "libc++";
				CLANG_ENABLE_MODULES = YES;
				CLANG_ENABLE_OBJC_ARC = YES;
				CLANG_WARN_BOOL_CONVERSION = YES;
				CLANG_WARN_CONSTANT_CONVERSION = YES;
				CLANG_WARN_DIRECT_OBJC_ISA_USAGE = YES_ERROR;
				CLANG_WARN_EMPTY_BODY = YES;
				CLANG_WARN_ENUM_CONVERSION = YES;
				CLANG_WARN_INT_CONVERSION = YES;
				CLANG_WARN_OBJC_ROOT_CLASS = YES_ERROR;
				CLANG_WARN_UNREACHABLE_CODE = YES;
				CLANG_WARN__DUPLICATE_METHOD_MATCH = YES;
				"CODE_SIGN_IDENTITY[sdk=iphoneos*]" = "iPhone Developer";
				COPY_PHASE_STRIP = NO;
				DEBUG_INFORMATION_FORMAT = "dwarf-with-dsym";
				ENABLE_STRICT_OBJC_MSGSEND = YES;
				GCC_C_LANGUAGE_STANDARD = gnu99;
				GCC_DYNAMIC_NO_PIC = NO;
				GCC_NO_COMMON_BLOCKS = YES;
				GCC_OPTIMIZATION_LEVEL = 0;
				GCC_PREPROCESSOR_DEFINITIONS = (
					"DEBUG=1",
					"$(inherited)",
				);
				GCC_SYMBOLS_PRIVATE_EXTERN = NO;
				GCC_WARN_64_TO_32_BIT_CONVERSION = YES;
				GCC_WARN_ABOUT_RETURN_TYPE = YES_ERROR;
				GCC_WARN_UNDECLARED_SELECTOR = YES;
				GCC_WARN_UNINITIALIZED_AUTOS = YES_AGGRESSIVE;
				GCC_WARN_UNUSED_FUNCTION = YES;
				GCC_WARN_UNUSED_VARIABLE = YES;
				IPHONEOS_DEPLOYMENT_TARGET = 8.3;
				MTL_ENABLE_DEBUG_INFO = YES;
				ONLY_ACTIVE_ARCH = YES;
				SDKROOT = iphoneos;
			};
			name = Debug;
		};
		490DE47E1ADC200400D5F8CA /* Release */ = {
			isa = XCBuildConfiguration;
			buildSettings = {
				ALWAYS_SEARCH_USER_PATHS = NO;
				CLANG_CXX_LANGUAGE_STANDARD = "gnu++0x";
				CLANG_CXX_LIBRARY = "libc++";
				CLANG_ENABLE_MODULES = YES;
				CLANG_ENABLE_OBJC_ARC = YES;
				CLANG_WARN_BOOL_CONVERSION = YES;
				CLANG_WARN_CONSTANT_CONVERSION = YES;
				CLANG_WARN_DIRECT_OBJC_ISA_USAGE = YES_ERROR;
				CLANG_WARN_EMPTY_BODY = YES;
				CLANG_WARN_ENUM_CONVERSION = YES;
				CLANG_WARN_INT_CONVERSION = YES;
				CLANG_WARN_OBJC_ROOT_CLASS = YES_ERROR;
				CLANG_WARN_UNREACHABLE_CODE = YES;
				CLANG_WARN__DUPLICATE_METHOD_MATCH = YES;
				"CODE_SIGN_IDENTITY[sdk=iphoneos*]" = "iPhone Developer";
				COPY_PHASE_STRIP = NO;
				DEBUG_INFORMATION_FORMAT = "dwarf-with-dsym";
				ENABLE_NS_ASSERTIONS = NO;
				ENABLE_STRICT_OBJC_MSGSEND = YES;
				GCC_C_LANGUAGE_STANDARD = gnu99;
				GCC_NO_COMMON_BLOCKS = YES;
				GCC_WARN_64_TO_32_BIT_CONVERSION = YES;
				GCC_WARN_ABOUT_RETURN_TYPE = YES_ERROR;
				GCC_WARN_UNDECLARED_SELECTOR = YES;
				GCC_WARN_UNINITIALIZED_AUTOS = YES_AGGRESSIVE;
				GCC_WARN_UNUSED_FUNCTION = YES;
				GCC_WARN_UNUSED_VARIABLE = YES;
				IPHONEOS_DEPLOYMENT_TARGET = 8.3;
				MTL_ENABLE_DEBUG_INFO = NO;
				SDKROOT = iphoneos;
				VALIDATE_PRODUCT = YES;
			};
			name = Release;
		};
		490DE4831ADC200400D5F8CA /* Debug */ = {
			isa = XCBuildConfiguration;
			buildSettings = {
				BUNDLE_LOADER = "$(TEST_HOST)";
				FRAMEWORK_SEARCH_PATHS = (
					"$(SDKROOT)/Developer/Library/Frameworks",
					"$(inherited)",
				);
				GCC_PREPROCESSOR_DEFINITIONS = (
					"DEBUG=1",
					"$(inherited)",
				);
				INFOPLIST_FILE = SnapItTests/Info.plist;
				LD_RUNPATH_SEARCH_PATHS = "$(inherited) @executable_path/Frameworks @loader_path/Frameworks";
				PRODUCT_NAME = "$(TARGET_NAME)";
				TEST_HOST = "$(BUILT_PRODUCTS_DIR)/SnapIt.app/SnapIt";
			};
			name = Debug;
		};
		490DE4841ADC200400D5F8CA /* Release */ = {
			isa = XCBuildConfiguration;
			buildSettings = {
				BUNDLE_LOADER = "$(TEST_HOST)";
				FRAMEWORK_SEARCH_PATHS = (
					"$(SDKROOT)/Developer/Library/Frameworks",
					"$(inherited)",
				);
				INFOPLIST_FILE = SnapItTests/Info.plist;
				LD_RUNPATH_SEARCH_PATHS = "$(inherited) @executable_path/Frameworks @loader_path/Frameworks";
				PRODUCT_NAME = "$(TARGET_NAME)";
				TEST_HOST = "$(BUILT_PRODUCTS_DIR)/SnapIt.app/SnapIt";
			};
			name = Release;
		};
/* End XCBuildConfiguration section */

/* Begin XCConfigurationList section */
		490DE4571ADC200400D5F8CA /* Build configuration list for PBXProject "SnapIt" */ = {
			isa = XCConfigurationList;
			buildConfigurations = (
				490DE47D1ADC200400D5F8CA /* Debug */,
				490DE47E1ADC200400D5F8CA /* Release */,
			);
			defaultConfigurationIsVisible = 0;
			defaultConfigurationName = Release;
		};
		490DE47F1ADC200400D5F8CA /* Build configuration list for PBXNativeTarget "SnapIt" */ = {
			isa = XCConfigurationList;
			buildConfigurations = (
				490DE4801ADC200400D5F8CA /* Debug */,
				490DE4811ADC200400D5F8CA /* Release */,
			);
			defaultConfigurationIsVisible = 0;
			defaultConfigurationName = Release;
		};
		490DE4821ADC200400D5F8CA /* Build configuration list for PBXNativeTarget "SnapItTests" */ = {
			isa = XCConfigurationList;
			buildConfigurations = (
				490DE4831ADC200400D5F8CA /* Debug */,
				490DE4841ADC200400D5F8CA /* Release */,
			);
			defaultConfigurationIsVisible = 0;
			defaultConfigurationName = Release;
		};
/* End XCConfigurationList section */
	};
	rootObject = 490DE4541ADC200400D5F8CA /* Project object */;
}
